
Microsoft Visual Studio Solution File, Format Version 12.00
# Visual Studio 15
VisualStudioVersion = 15.0.27004.2002
MinimumVisualStudioVersion = 10.0.40219.1
Project("{2150E333-8FDC-42A3-9474-1A3956D46DE8}") = "Engine", "Engine", "{02B27A1B-B0FF-4FA6-B9D0-E6B54957CFD3}"
EndProject
Project("{2150E333-8FDC-42A3-9474-1A3956D46DE8}") = "Games", "Games", "{28F5E292-E79A-4E72-BBB6-286DD0F28D53}"
EndProject
Project("{8BC9CEB8-8B4A-11D0-8D11-00A0C91BC942}") = "UE4", "Intermediate\ProjectFiles\UE4.vcxproj", "{C084A841-DAA8-4979-A8D1-EBDE9EB44C77}"
EndProject
Project("{8BC9CEB8-8B4A-11D0-8D11-00A0C91BC942}") = "BuildingEscape", "Intermediate\ProjectFiles\BuildingEscape.vcxproj", "{060E634F-7913-4172-B761-E19BDF91D1F6}"
EndProject
Global
	GlobalSection(SolutionConfigurationPlatforms) = preSolution
		DebugGame Editor|HTML5 = DebugGame Editor|HTML5
		DebugGame Editor|Win32 = DebugGame Editor|Win32
		DebugGame Editor|Win64 = DebugGame Editor|Win64
		DebugGame|HTML5 = DebugGame|HTML5
		DebugGame|Win32 = DebugGame|Win32
		DebugGame|Win64 = DebugGame|Win64
		Development Editor|HTML5 = Development Editor|HTML5
		Development Editor|Win32 = Development Editor|Win32
		Development Editor|Win64 = Development Editor|Win64
		Development|HTML5 = Development|HTML5
		Development|Win32 = Development|Win32
		Development|Win64 = Development|Win64
		Shipping|HTML5 = Shipping|HTML5
		Shipping|Win32 = Shipping|Win32
		Shipping|Win64 = Shipping|Win64
	EndGlobalSection
	GlobalSection(ProjectConfigurationPlatforms) = postSolution
		{C084A841-DAA8-4979-A8D1-EBDE9EB44C77}.DebugGame Editor|HTML5.ActiveCfg = BuiltWithUnrealBuildTool|Win32
		{C084A841-DAA8-4979-A8D1-EBDE9EB44C77}.DebugGame Editor|HTML5.Build.0 = BuiltWithUnrealBuildTool|Win32
		{C084A841-DAA8-4979-A8D1-EBDE9EB44C77}.DebugGame Editor|Win32.ActiveCfg = BuiltWithUnrealBuildTool|Win32
		{C084A841-DAA8-4979-A8D1-EBDE9EB44C77}.DebugGame Editor|Win32.Build.0 = BuiltWithUnrealBuildTool|Win32
		{C084A841-DAA8-4979-A8D1-EBDE9EB44C77}.DebugGame Editor|Win64.ActiveCfg = BuiltWithUnrealBuildTool|Win32
		{C084A841-DAA8-4979-A8D1-EBDE9EB44C77}.DebugGame Editor|Win64.Build.0 = BuiltWithUnrealBuildTool|Win32
		{C084A841-DAA8-4979-A8D1-EBDE9EB44C77}.DebugGame|HTML5.ActiveCfg = BuiltWithUnrealBuildTool|Win32
		{C084A841-DAA8-4979-A8D1-EBDE9EB44C77}.DebugGame|HTML5.Build.0 = BuiltWithUnrealBuildTool|Win32
		{C084A841-DAA8-4979-A8D1-EBDE9EB44C77}.DebugGame|Win32.ActiveCfg = BuiltWithUnrealBuildTool|Win32
		{C084A841-DAA8-4979-A8D1-EBDE9EB44C77}.DebugGame|Win32.Build.0 = BuiltWithUnrealBuildTool|Win32
		{C084A841-DAA8-4979-A8D1-EBDE9EB44C77}.DebugGame|Win64.ActiveCfg = BuiltWithUnrealBuildTool|Win32
		{C084A841-DAA8-4979-A8D1-EBDE9EB44C77}.DebugGame|Win64.Build.0 = BuiltWithUnrealBuildTool|Win32
		{C084A841-DAA8-4979-A8D1-EBDE9EB44C77}.Development Editor|HTML5.ActiveCfg = BuiltWithUnrealBuildTool|Win32
		{C084A841-DAA8-4979-A8D1-EBDE9EB44C77}.Development Editor|HTML5.Build.0 = BuiltWithUnrealBuildTool|Win32
		{C084A841-DAA8-4979-A8D1-EBDE9EB44C77}.Development Editor|Win32.ActiveCfg = BuiltWithUnrealBuildTool|Win32
		{C084A841-DAA8-4979-A8D1-EBDE9EB44C77}.Development Editor|Win32.Build.0 = BuiltWithUnrealBuildTool|Win32
		{C084A841-DAA8-4979-A8D1-EBDE9EB44C77}.Development Editor|Win64.ActiveCfg = BuiltWithUnrealBuildTool|Win32
		{C084A841-DAA8-4979-A8D1-EBDE9EB44C77}.Development Editor|Win64.Build.0 = BuiltWithUnrealBuildTool|Win32
		{C084A841-DAA8-4979-A8D1-EBDE9EB44C77}.Development|HTML5.ActiveCfg = BuiltWithUnrealBuildTool|Win32
		{C084A841-DAA8-4979-A8D1-EBDE9EB44C77}.Development|HTML5.Build.0 = BuiltWithUnrealBuildTool|Win32
		{C084A841-DAA8-4979-A8D1-EBDE9EB44C77}.Development|Win32.ActiveCfg = BuiltWithUnrealBuildTool|Win32
		{C084A841-DAA8-4979-A8D1-EBDE9EB44C77}.Development|Win32.Build.0 = BuiltWithUnrealBuildTool|Win32
		{C084A841-DAA8-4979-A8D1-EBDE9EB44C77}.Development|Win64.ActiveCfg = BuiltWithUnrealBuildTool|Win32
		{C084A841-DAA8-4979-A8D1-EBDE9EB44C77}.Development|Win64.Build.0 = BuiltWithUnrealBuildTool|Win32
		{C084A841-DAA8-4979-A8D1-EBDE9EB44C77}.Shipping|HTML5.ActiveCfg = BuiltWithUnrealBuildTool|Win32
		{C084A841-DAA8-4979-A8D1-EBDE9EB44C77}.Shipping|HTML5.Build.0 = BuiltWithUnrealBuildTool|Win32
		{C084A841-DAA8-4979-A8D1-EBDE9EB44C77}.Shipping|Win32.ActiveCfg = BuiltWithUnrealBuildTool|Win32
		{C084A841-DAA8-4979-A8D1-EBDE9EB44C77}.Shipping|Win32.Build.0 = BuiltWithUnrealBuildTool|Win32
		{C084A841-DAA8-4979-A8D1-EBDE9EB44C77}.Shipping|Win64.ActiveCfg = BuiltWithUnrealBuildTool|Win32
		{C084A841-DAA8-4979-A8D1-EBDE9EB44C77}.Shipping|Win64.Build.0 = BuiltWithUnrealBuildTool|Win32
		{060E634F-7913-4172-B761-E19BDF91D1F6}.DebugGame Editor|HTML5.ActiveCfg = HTML5_DebugGame_Editor|Win32
		{060E634F-7913-4172-B761-E19BDF91D1F6}.DebugGame Editor|Win32.ActiveCfg = DebugGame_Editor|Win32
		{060E634F-7913-4172-B761-E19BDF91D1F6}.DebugGame Editor|Win64.ActiveCfg = DebugGame_Editor|x64
		{060E634F-7913-4172-B761-E19BDF91D1F6}.DebugGame Editor|Win64.Build.0 = DebugGame_Editor|x64
		{060E634F-7913-4172-B761-E19BDF91D1F6}.DebugGame|HTML5.ActiveCfg = HTML5_DebugGame_Game|Win32
		{060E634F-7913-4172-B761-E19BDF91D1F6}.DebugGame|HTML5.Build.0 = HTML5_DebugGame_Game|Win32
		{060E634F-7913-4172-B761-E19BDF91D1F6}.DebugGame|Win32.ActiveCfg = DebugGame_Game|Win32
		{060E634F-7913-4172-B761-E19BDF91D1F6}.DebugGame|Win32.Build.0 = DebugGame_Game|Win32
		{060E634F-7913-4172-B761-E19BDF91D1F6}.DebugGame|Win64.ActiveCfg = DebugGame_Game|x64
		{060E634F-7913-4172-B761-E19BDF91D1F6}.DebugGame|Win64.Build.0 = DebugGame_Game|x64
		{060E634F-7913-4172-B761-E19BDF91D1F6}.Development Editor|HTML5.ActiveCfg = HTML5_Development_Editor|Win32
		{060E634F-7913-4172-B761-E19BDF91D1F6}.Development Editor|Win32.ActiveCfg = Development_Editor|Win32
		{060E634F-7913-4172-B761-E19BDF91D1F6}.Development Editor|Win64.ActiveCfg = Development_Editor|x64
		{060E634F-7913-4172-B761-E19BDF91D1F6}.Development Editor|Win64.Build.0 = Development_Editor|x64
		{060E634F-7913-4172-B761-E19BDF91D1F6}.Development|HTML5.ActiveCfg = HTML5_Development_Game|Win32
		{060E634F-7913-4172-B761-E19BDF91D1F6}.Development|HTML5.Build.0 = HTML5_Development_Game|Win32
		{060E634F-7913-4172-B761-E19BDF91D1F6}.Development|Win32.ActiveCfg = Development_Game|Win32
		{060E634F-7913-4172-B761-E19BDF91D1F6}.Development|Win32.Build.0 = Development_Game|Win32
		{060E634F-7913-4172-B761-E19BDF91D1F6}.Development|Win64.ActiveCfg = Development_Game|x64
		{060E634F-7913-4172-B761-E19BDF91D1F6}.Development|Win64.Build.0 = Development_Game|x64
		{060E634F-7913-4172-B761-E19BDF91D1F6}.Shipping|HTML5.ActiveCfg = HTML5_Shipping_Game|Win32
		{060E634F-7913-4172-B761-E19BDF91D1F6}.Shipping|HTML5.Build.0 = HTML5_Shipping_Game|Win32
		{060E634F-7913-4172-B761-E19BDF91D1F6}.Shipping|Win32.ActiveCfg = Shipping_Game|Win32
		{060E634F-7913-4172-B761-E19BDF91D1F6}.Shipping|Win32.Build.0 = Shipping_Game|Win32
		{060E634F-7913-4172-B761-E19BDF91D1F6}.Shipping|Win64.ActiveCfg = Shipping_Game|x64
		{060E634F-7913-4172-B761-E19BDF91D1F6}.Shipping|Win64.Build.0 = Shipping_Game|x64
	EndGlobalSection
	GlobalSection(SolutionProperties) = preSolution
		HideSolutionNode = FALSE
	EndGlobalSection
	GlobalSection(NestedProjects) = preSolution
		{C084A841-DAA8-4979-A8D1-EBDE9EB44C77} = {02B27A1B-B0FF-4FA6-B9D0-E6B54957CFD3}
		{060E634F-7913-4172-B761-E19BDF91D1F6} = {28F5E292-E79A-4E72-BBB6-286DD0F28D53}
	EndGlobalSection
	GlobalSection(ExtensibilityGlobals) = postSolution
		SolutionGuid = {081C919D-069D-4FB2-A760-6D2C2F666E8D}
	EndGlobalSection
EndGlobal
