
Microsoft Visual Studio Solution File, Format Version 12.00
# Visual Studio 15
VisualStudioVersion = 15.0.27004.2002
MinimumVisualStudioVersion = 10.0.40219.1
Project("{2150E333-8FDC-42A3-9474-1A3956D46DE8}") = "Engine", "Engine", "{1666EC6A-D1A2-45C8-9371-E7A9D24FAE9A}"
EndProject
Project("{2150E333-8FDC-42A3-9474-1A3956D46DE8}") = "Games", "Games", "{F87FCF2B-A83B-4932-AC96-D9F903780BAE}"
EndProject
Project("{8BC9CEB8-8B4A-11D0-8D11-00A0C91BC942}") = "UE4", "Intermediate\ProjectFiles\UE4.vcxproj", "{B8CA31BD-EF4F-4168-BCEB-87B5B645FD58}"
EndProject
Project("{8BC9CEB8-8B4A-11D0-8D11-00A0C91BC942}") = "BuildingEscape", "Intermediate\ProjectFiles\BuildingEscape.vcxproj", "{B7F4D333-5FB5-4074-9F47-78AD53EDE2B4}"
EndProject
Global
	GlobalSection(SolutionConfigurationPlatforms) = preSolution
		DebugGame Editor|HTML5 = DebugGame Editor|HTML5
		DebugGame Editor|Win32 = DebugGame Editor|Win32
		DebugGame Editor|Win64 = DebugGame Editor|Win64
		DebugGame|HTML5 = DebugGame|HTML5
		DebugGame|Win32 = DebugGame|Win32
		DebugGame|Win64 = DebugGame|Win64
		Development Editor|HTML5 = Development Editor|HTML5
		Development Editor|Win32 = Development Editor|Win32
		Development Editor|Win64 = Development Editor|Win64
		Development|HTML5 = Development|HTML5
		Development|Win32 = Development|Win32
		Development|Win64 = Development|Win64
		Shipping|HTML5 = Shipping|HTML5
		Shipping|Win32 = Shipping|Win32
		Shipping|Win64 = Shipping|Win64
	EndGlobalSection
	GlobalSection(ProjectConfigurationPlatforms) = postSolution
		{B8CA31BD-EF4F-4168-BCEB-87B5B645FD58}.DebugGame Editor|HTML5.ActiveCfg = BuiltWithUnrealBuildTool|Win32
		{B8CA31BD-EF4F-4168-BCEB-87B5B645FD58}.DebugGame Editor|HTML5.Build.0 = BuiltWithUnrealBuildTool|Win32
		{B8CA31BD-EF4F-4168-BCEB-87B5B645FD58}.DebugGame Editor|Win32.ActiveCfg = BuiltWithUnrealBuildTool|Win32
		{B8CA31BD-EF4F-4168-BCEB-87B5B645FD58}.DebugGame Editor|Win32.Build.0 = BuiltWithUnrealBuildTool|Win32
		{B8CA31BD-EF4F-4168-BCEB-87B5B645FD58}.DebugGame Editor|Win64.ActiveCfg = BuiltWithUnrealBuildTool|Win32
		{B8CA31BD-EF4F-4168-BCEB-87B5B645FD58}.DebugGame Editor|Win64.Build.0 = BuiltWithUnrealBuildTool|Win32
		{B8CA31BD-EF4F-4168-BCEB-87B5B645FD58}.DebugGame|HTML5.ActiveCfg = BuiltWithUnrealBuildTool|Win32
		{B8CA31BD-EF4F-4168-BCEB-87B5B645FD58}.DebugGame|HTML5.Build.0 = BuiltWithUnrealBuildTool|Win32
		{B8CA31BD-EF4F-4168-BCEB-87B5B645FD58}.DebugGame|Win32.ActiveCfg = BuiltWithUnrealBuildTool|Win32
		{B8CA31BD-EF4F-4168-BCEB-87B5B645FD58}.DebugGame|Win32.Build.0 = BuiltWithUnrealBuildTool|Win32
		{B8CA31BD-EF4F-4168-BCEB-87B5B645FD58}.DebugGame|Win64.ActiveCfg = BuiltWithUnrealBuildTool|Win32
		{B8CA31BD-EF4F-4168-BCEB-87B5B645FD58}.DebugGame|Win64.Build.0 = BuiltWithUnrealBuildTool|Win32
		{B8CA31BD-EF4F-4168-BCEB-87B5B645FD58}.Development Editor|HTML5.ActiveCfg = BuiltWithUnrealBuildTool|Win32
		{B8CA31BD-EF4F-4168-BCEB-87B5B645FD58}.Development Editor|HTML5.Build.0 = BuiltWithUnrealBuildTool|Win32
		{B8CA31BD-EF4F-4168-BCEB-87B5B645FD58}.Development Editor|Win32.ActiveCfg = BuiltWithUnrealBuildTool|Win32
		{B8CA31BD-EF4F-4168-BCEB-87B5B645FD58}.Development Editor|Win32.Build.0 = BuiltWithUnrealBuildTool|Win32
		{B8CA31BD-EF4F-4168-BCEB-87B5B645FD58}.Development Editor|Win64.ActiveCfg = BuiltWithUnrealBuildTool|Win32
		{B8CA31BD-EF4F-4168-BCEB-87B5B645FD58}.Development Editor|Win64.Build.0 = BuiltWithUnrealBuildTool|Win32
		{B8CA31BD-EF4F-4168-BCEB-87B5B645FD58}.Development|HTML5.ActiveCfg = BuiltWithUnrealBuildTool|Win32
		{B8CA31BD-EF4F-4168-BCEB-87B5B645FD58}.Development|HTML5.Build.0 = BuiltWithUnrealBuildTool|Win32
		{B8CA31BD-EF4F-4168-BCEB-87B5B645FD58}.Development|Win32.ActiveCfg = BuiltWithUnrealBuildTool|Win32
		{B8CA31BD-EF4F-4168-BCEB-87B5B645FD58}.Development|Win32.Build.0 = BuiltWithUnrealBuildTool|Win32
		{B8CA31BD-EF4F-4168-BCEB-87B5B645FD58}.Development|Win64.ActiveCfg = BuiltWithUnrealBuildTool|Win32
		{B8CA31BD-EF4F-4168-BCEB-87B5B645FD58}.Development|Win64.Build.0 = BuiltWithUnrealBuildTool|Win32
		{B8CA31BD-EF4F-4168-BCEB-87B5B645FD58}.Shipping|HTML5.ActiveCfg = BuiltWithUnrealBuildTool|Win32
		{B8CA31BD-EF4F-4168-BCEB-87B5B645FD58}.Shipping|HTML5.Build.0 = BuiltWithUnrealBuildTool|Win32
		{B8CA31BD-EF4F-4168-BCEB-87B5B645FD58}.Shipping|Win32.ActiveCfg = BuiltWithUnrealBuildTool|Win32
		{B8CA31BD-EF4F-4168-BCEB-87B5B645FD58}.Shipping|Win32.Build.0 = BuiltWithUnrealBuildTool|Win32
		{B8CA31BD-EF4F-4168-BCEB-87B5B645FD58}.Shipping|Win64.ActiveCfg = BuiltWithUnrealBuildTool|Win32
		{B8CA31BD-EF4F-4168-BCEB-87B5B645FD58}.Shipping|Win64.Build.0 = BuiltWithUnrealBuildTool|Win32
		{B7F4D333-5FB5-4074-9F47-78AD53EDE2B4}.DebugGame Editor|HTML5.ActiveCfg = HTML5_DebugGame_Editor|Win32
		{B7F4D333-5FB5-4074-9F47-78AD53EDE2B4}.DebugGame Editor|Win32.ActiveCfg = DebugGame_Editor|Win32
		{B7F4D333-5FB5-4074-9F47-78AD53EDE2B4}.DebugGame Editor|Win64.ActiveCfg = DebugGame_Editor|x64
		{B7F4D333-5FB5-4074-9F47-78AD53EDE2B4}.DebugGame Editor|Win64.Build.0 = DebugGame_Editor|x64
		{B7F4D333-5FB5-4074-9F47-78AD53EDE2B4}.DebugGame|HTML5.ActiveCfg = HTML5_DebugGame_Game|Win32
		{B7F4D333-5FB5-4074-9F47-78AD53EDE2B4}.DebugGame|HTML5.Build.0 = HTML5_DebugGame_Game|Win32
		{B7F4D333-5FB5-4074-9F47-78AD53EDE2B4}.DebugGame|Win32.ActiveCfg = DebugGame_Game|Win32
		{B7F4D333-5FB5-4074-9F47-78AD53EDE2B4}.DebugGame|Win32.Build.0 = DebugGame_Game|Win32
		{B7F4D333-5FB5-4074-9F47-78AD53EDE2B4}.DebugGame|Win64.ActiveCfg = DebugGame_Game|x64
		{B7F4D333-5FB5-4074-9F47-78AD53EDE2B4}.DebugGame|Win64.Build.0 = DebugGame_Game|x64
		{B7F4D333-5FB5-4074-9F47-78AD53EDE2B4}.Development Editor|HTML5.ActiveCfg = HTML5_Development_Editor|Win32
		{B7F4D333-5FB5-4074-9F47-78AD53EDE2B4}.Development Editor|Win32.ActiveCfg = Development_Editor|Win32
		{B7F4D333-5FB5-4074-9F47-78AD53EDE2B4}.Development Editor|Win64.ActiveCfg = Development_Editor|x64
		{B7F4D333-5FB5-4074-9F47-78AD53EDE2B4}.Development Editor|Win64.Build.0 = Development_Editor|x64
		{B7F4D333-5FB5-4074-9F47-78AD53EDE2B4}.Development|HTML5.ActiveCfg = HTML5_Development_Game|Win32
		{B7F4D333-5FB5-4074-9F47-78AD53EDE2B4}.Development|HTML5.Build.0 = HTML5_Development_Game|Win32
		{B7F4D333-5FB5-4074-9F47-78AD53EDE2B4}.Development|Win32.ActiveCfg = Development_Game|Win32
		{B7F4D333-5FB5-4074-9F47-78AD53EDE2B4}.Development|Win32.Build.0 = Development_Game|Win32
		{B7F4D333-5FB5-4074-9F47-78AD53EDE2B4}.Development|Win64.ActiveCfg = Development_Game|x64
		{B7F4D333-5FB5-4074-9F47-78AD53EDE2B4}.Development|Win64.Build.0 = Development_Game|x64
		{B7F4D333-5FB5-4074-9F47-78AD53EDE2B4}.Shipping|HTML5.ActiveCfg = HTML5_Shipping_Game|Win32
		{B7F4D333-5FB5-4074-9F47-78AD53EDE2B4}.Shipping|HTML5.Build.0 = HTML5_Shipping_Game|Win32
		{B7F4D333-5FB5-4074-9F47-78AD53EDE2B4}.Shipping|Win32.ActiveCfg = Shipping_Game|Win32
		{B7F4D333-5FB5-4074-9F47-78AD53EDE2B4}.Shipping|Win32.Build.0 = Shipping_Game|Win32
		{B7F4D333-5FB5-4074-9F47-78AD53EDE2B4}.Shipping|Win64.ActiveCfg = Shipping_Game|x64
		{B7F4D333-5FB5-4074-9F47-78AD53EDE2B4}.Shipping|Win64.Build.0 = Shipping_Game|x64
	EndGlobalSection
	GlobalSection(SolutionProperties) = preSolution
		HideSolutionNode = FALSE
	EndGlobalSection
	GlobalSection(NestedProjects) = preSolution
		{B8CA31BD-EF4F-4168-BCEB-87B5B645FD58} = {1666EC6A-D1A2-45C8-9371-E7A9D24FAE9A}
		{B7F4D333-5FB5-4074-9F47-78AD53EDE2B4} = {F87FCF2B-A83B-4932-AC96-D9F903780BAE}
	EndGlobalSection
	GlobalSection(ExtensibilityGlobals) = postSolution
		SolutionGuid = {C4D62234-F8B6-4B59-8D87-92FE58D8EB44}
	EndGlobalSection
EndGlobal
